// !$*UTF8*$!
{
	archiveVersion = 1;
	classes = {
	};
	objectVersion = 56;
	objects = {

/* Begin PBXBuildFile section */
		722B01C32B69157E002568E0 /* SparPageApp.swift in Sources */ = {isa = PBXBuildFile; fileRef = 722B01C22B69157E002568E0 /* SparPageApp.swift */; };
		722B01C52B69157E002568E0 /* ProductCardView.swift in Sources */ = {isa = PBXBuildFile; fileRef = 722B01C42B69157E002568E0 /* ProductCardView.swift */; };
		722B01C72B69157F002568E0 /* Assets.xcassets in Resources */ = {isa = PBXBuildFile; fileRef = 722B01C62B69157F002568E0 /* Assets.xcassets */; };
		722B01CA2B69157F002568E0 /* Preview Assets.xcassets in Resources */ = {isa = PBXBuildFile; fileRef = 722B01C92B69157F002568E0 /* Preview Assets.xcassets */; };
		722B01D12B696239002568E0 /* FeedbackModel.swift in Sources */ = {isa = PBXBuildFile; fileRef = 722B01D02B696239002568E0 /* FeedbackModel.swift */; };
		722B01D32B696263002568E0 /* CharacteristicView.swift in Sources */ = {isa = PBXBuildFile; fileRef = 722B01D22B696263002568E0 /* CharacteristicView.swift */; };
		722B01D52B696276002568E0 /* FeedbackView.swift in Sources */ = {isa = PBXBuildFile; fileRef = 722B01D42B696276002568E0 /* FeedbackView.swift */; };
		722B01D72B696292002568E0 /* Styles.swift in Sources */ = {isa = PBXBuildFile; fileRef = 722B01D62B696292002568E0 /* Styles.swift */; };
/* End PBXBuildFile section */

/* Begin PBXFileReference section */
		722B01BF2B69157E002568E0 /* SparPage.app */ = {isa = PBXFileReference; explicitFileType = wrapper.application; includeInIndex = 0; path = SparPage.app; sourceTree = BUILT_PRODUCTS_DIR; };
		722B01C22B69157E002568E0 /* SparPageApp.swift */ = {isa = PBXFileReference; lastKnownFileType = sourcecode.swift; path = SparPageApp.swift; sourceTree = "<group>"; };
		722B01C42B69157E002568E0 /* ProductCardView.swift */ = {isa = PBXFileReference; lastKnownFileType = sourcecode.swift; path = ProductCardView.swift; sourceTree = "<group>"; };
		722B01C62B69157F002568E0 /* Assets.xcassets */ = {isa = PBXFileReference; lastKnownFileType = folder.assetcatalog; path = Assets.xcassets; sourceTree = "<group>"; };
		722B01C92B69157F002568E0 /* Preview Assets.xcassets */ = {isa = PBXFileReference; lastKnownFileType = folder.assetcatalog; path = "Preview Assets.xcassets"; sourceTree = "<group>"; };
		722B01D02B696239002568E0 /* FeedbackModel.swift */ = {isa = PBXFileReference; lastKnownFileType = sourcecode.swift; path = FeedbackModel.swift; sourceTree = "<group>"; };
		722B01D22B696263002568E0 /* CharacteristicView.swift */ = {isa = PBXFileReference; lastKnownFileType = sourcecode.swift; path = CharacteristicView.swift; sourceTree = "<group>"; };
		722B01D42B696276002568E0 /* FeedbackView.swift */ = {isa = PBXFileReference; lastKnownFileType = sourcecode.swift; path = FeedbackView.swift; sourceTree = "<group>"; };
		722B01D62B696292002568E0 /* Styles.swift */ = {isa = PBXFileReference; lastKnownFileType = sourcecode.swift; path = Styles.swift; sourceTree = "<group>"; };
/* End PBXFileReference section */

/* Begin PBXFrameworksBuildPhase section */
		722B01BC2B69157E002568E0 /* Frameworks */ = {
			isa = PBXFrameworksBuildPhase;
			buildActionMask = 2147483647;
			files = (
			);
			runOnlyForDeploymentPostprocessing = 0;
		};
/* End PBXFrameworksBuildPhase section */

/* Begin PBXGroup section */
		722B01B62B69157D002568E0 = {
			isa = PBXGroup;
			children = (
				722B01C12B69157E002568E0 /* SparPage */,
				722B01C02B69157E002568E0 /* Products */,
			);
			sourceTree = "<group>";
		};
		722B01C02B69157E002568E0 /* Products */ = {
			isa = PBXGroup;
			children = (
				722B01BF2B69157E002568E0 /* SparPage.app */,
			);
			name = Products;
			sourceTree = "<group>";
		};
		722B01C12B69157E002568E0 /* SparPage */ = {
			isa = PBXGroup;
			children = (
				722B01C22B69157E002568E0 /* SparPageApp.swift */,
				722B01C42B69157E002568E0 /* ProductCardView.swift */,
				722B01D82B696715002568E0 /* SubViews */,
				722B01D92B696782002568E0 /* Models */,
				722B01DA2B696791002568E0 /* Utilities */,
				722B01C62B69157F002568E0 /* Assets.xcassets */,
				722B01C82B69157F002568E0 /* Preview Content */,
			);
			path = SparPage;
			sourceTree = "<group>";
		};
		722B01C82B69157F002568E0 /* Preview Content */ = {
			isa = PBXGroup;
			children = (
				722B01C92B69157F002568E0 /* Preview Assets.xcassets */,
			);
			path = "Preview Content";
			sourceTree = "<group>";
		};
		722B01D82B696715002568E0 /* SubViews */ = {
			isa = PBXGroup;
			children = (
				722B01D22B696263002568E0 /* CharacteristicView.swift */,
				722B01D42B696276002568E0 /* FeedbackView.swift */,
			);
			path = SubViews;
			sourceTree = "<group>";
		};
		722B01D92B696782002568E0 /* Models */ = {
			isa = PBXGroup;
			children = (
				722B01D02B696239002568E0 /* FeedbackModel.swift */,
			);
			path = Models;
			sourceTree = "<group>";
		};
		722B01DA2B696791002568E0 /* Utilities */ = {
			isa = PBXGroup;
			children = (
				722B01D62B696292002568E0 /* Styles.swift */,
			);
			path = Utilities;
			sourceTree = "<group>";
		};
/* End PBXGroup section */

/* Begin PBXNativeTarget section */
		722B01BE2B69157E002568E0 /* SparPage */ = {
			isa = PBXNativeTarget;
			buildConfigurationList = 722B01CD2B69157F002568E0 /* Build configuration list for PBXNativeTarget "SparPage" */;
			buildPhases = (
				722B01BB2B69157E002568E0 /* Sources */,
				722B01BC2B69157E002568E0 /* Frameworks */,
				722B01BD2B69157E002568E0 /* Resources */,
			);
			buildRules = (
			);
			dependencies = (
			);
			name = SparPage;
			productName = SparPage;
			productReference = 722B01BF2B69157E002568E0 /* SparPage.app */;
			productType = "com.apple.product-type.application";
		};
/* End PBXNativeTarget section */

/* Begin PBXProject section */
		722B01B72B69157D002568E0 /* Project object */ = {
			isa = PBXProject;
			attributes = {
				BuildIndependentTargetsInParallel = 1;
				LastSwiftUpdateCheck = 1430;
				LastUpgradeCheck = 1430;
				TargetAttributes = {
					722B01BE2B69157E002568E0 = {
						CreatedOnToolsVersion = 14.3;
					};
				};
			};
			buildConfigurationList = 722B01BA2B69157D002568E0 /* Build configuration list for PBXProject "SparPage" */;
			compatibilityVersion = "Xcode 14.0";
			developmentRegion = en;
			hasScannedForEncodings = 0;
			knownRegions = (
				en,
				Base,
			);
			mainGroup = 722B01B62B69157D002568E0;
			productRefGroup = 722B01C02B69157E002568E0 /* Products */;
			projectDirPath = "";
			projectRoot = "";
			targets = (
				722B01BE2B69157E002568E0 /* SparPage */,
			);
		};
/* End PBXProject section */

/* Begin PBXResourcesBuildPhase section */
		722B01BD2B69157E002568E0 /* Resources */ = {
			isa = PBXResourcesBuildPhase;
			buildActionMask = 2147483647;
			files = (
				722B01CA2B69157F002568E0 /* Preview Assets.xcassets in Resources */,
				722B01C72B69157F002568E0 /* Assets.xcassets in Resources */,
			);
			runOnlyForDeploymentPostprocessing = 0;
		};
/* End PBXResourcesBuildPhase section */

/* Begin PBXSourcesBuildPhase section */
		722B01BB2B69157E002568E0 /* Sources */ = {
			isa = PBXSourcesBuildPhase;
			buildActionMask = 2147483647;
			files = (
				722B01D12B696239002568E0 /* FeedbackModel.swift in Sources */,
				722B01D52B696276002568E0 /* FeedbackView.swift in Sources */,
				722B01C52B69157E002568E0 /* ProductCardView.swift in Sources */,
				722B01D72B696292002568E0 /* Styles.swift in Sources */,
				722B01C32B69157E002568E0 /* SparPageApp.swift in Sources */,
				722B01D32B696263002568E0 /* CharacteristicView.swift in Sources */,
			);
			runOnlyForDeploymentPostprocessing = 0;
		};
/* End PBXSourcesBuildPhase section */

/* Begin XCBuildConfiguration section */
		722B01CB2B69157F002568E0 /* Debug */ = {
			isa = XCBuildConfiguration;
			buildSettings = {
				ALWAYS_SEARCH_USER_PATHS = NO;
				CLANG_ANALYZER_NONNULL = YES;
				CLANG_ANALYZER_NUMBER_OBJECT_CONVERSION = YES_AGGRESSIVE;
				CLANG_CXX_LANGUAGE_STANDARD = "gnu++20";
				CLANG_ENABLE_MODULES = YES;
				CLANG_ENABLE_OBJC_ARC = YES;
				CLANG_ENABLE_OBJC_WEAK = YES;
				CLANG_WARN_BLOCK_CAPTURE_AUTORELEASING = YES;
				CLANG_WARN_BOOL_CONVERSION = YES;
				CLANG_WARN_COMMA = YES;
				CLANG_WARN_CONSTANT_CONVERSION = YES;
				CLANG_WARN_DEPRECATED_OBJC_IMPLEMENTATIONS = YES;
				CLANG_WARN_DIRECT_OBJC_ISA_USAGE = YES_ERROR;
				CLANG_WARN_DOCUMENTATION_COMMENTS = YES;
				CLANG_WARN_EMPTY_BODY = YES;
				CLANG_WARN_ENUM_CONVERSION = YES;
				CLANG_WARN_INFINITE_RECURSION = YES;
				CLANG_WARN_INT_CONVERSION = YES;
				CLANG_WARN_NON_LITERAL_NULL_CONVERSION = YES;
				CLANG_WARN_OBJC_IMPLICIT_RETAIN_SELF = YES;
				CLANG_WARN_OBJC_LITERAL_CONVERSION = YES;
				CLANG_WARN_OBJC_ROOT_CLASS = YES_ERROR;
				CLANG_WARN_QUOTED_INCLUDE_IN_FRAMEWORK_HEADER = YES;
				CLANG_WARN_RANGE_LOOP_ANALYSIS = YES;
				CLANG_WARN_STRICT_PROTOTYPES = YES;
				CLANG_WARN_SUSPICIOUS_MOVE = YES;
				CLANG_WARN_UNGUARDED_AVAILABILITY = YES_AGGRESSIVE;
				CLANG_WARN_UNREACHABLE_CODE = YES;
				CLANG_WARN__DUPLICATE_METHOD_MATCH = YES;
				COPY_PHASE_STRIP = NO;
				DEBUG_INFORMATION_FORMAT = dwarf;
				ENABLE_STRICT_OBJC_MSGSEND = YES;
				ENABLE_TESTABILITY = YES;
				GCC_C_LANGUAGE_STANDARD = gnu11;
				GCC_DYNAMIC_NO_PIC = NO;
				GCC_NO_COMMON_BLOCKS = YES;
				GCC_OPTIMIZATION_LEVEL = 0;
				GCC_PREPROCESSOR_DEFINITIONS = (
					"DEBUG=1",
					"$(inherited)",
				);
				GCC_WARN_64_TO_32_BIT_CONVERSION = YES;
				GCC_WARN_ABOUT_RETURN_TYPE = YES_ERROR;
				GCC_WARN_UNDECLARED_SELECTOR = YES;
				GCC_WARN_UNINITIALIZED_AUTOS = YES_AGGRESSIVE;
				GCC_WARN_UNUSED_FUNCTION = YES;
				GCC_WARN_UNUSED_VARIABLE = YES;
				IPHONEOS_DEPLOYMENT_TARGET = 16.4;
				MTL_ENABLE_DEBUG_INFO = INCLUDE_SOURCE;
				MTL_FAST_MATH = YES;
				ONLY_ACTIVE_ARCH = YES;
				SDKROOT = iphoneos;
				SWIFT_ACTIVE_COMPILATION_CONDITIONS = DEBUG;
				SWIFT_OPTIMIZATION_LEVEL = "-Onone";
			};
			name = Debug;
		};
		722B01CC2B69157F002568E0 /* Release */ = {
			isa = XCBuildConfiguration;
			buildSettings = {
				ALWAYS_SEARCH_USER_PATHS = NO;
				CLANG_ANALYZER_NONNULL = YES;
				CLANG_ANALYZER_NUMBER_OBJECT_CONVERSION = YES_AGGRESSIVE;
				CLANG_CXX_LANGUAGE_STANDARD = "gnu++20";
				CLANG_ENABLE_MODULES = YES;
				CLANG_ENABLE_OBJC_ARC = YES;
				CLANG_ENABLE_OBJC_WEAK = YES;
				CLANG_WARN_BLOCK_CAPTURE_AUTORELEASING = YES;
				CLANG_WARN_BOOL_CONVERSION = YES;
				CLANG_WARN_COMMA = YES;
				CLANG_WARN_CONSTANT_CONVERSION = YES;
				CLANG_WARN_DEPRECATED_OBJC_IMPLEMENTATIONS = YES;
				CLANG_WARN_DIRECT_OBJC_ISA_USAGE = YES_ERROR;
				CLANG_WARN_DOCUMENTATION_COMMENTS = YES;
				CLANG_WARN_EMPTY_BODY = YES;
				CLANG_WARN_ENUM_CONVERSION = YES;
				CLANG_WARN_INFINITE_RECURSION = YES;
				CLANG_WARN_INT_CONVERSION = YES;
				CLANG_WARN_NON_LITERAL_NULL_CONVERSION = YES;
				CLANG_WARN_OBJC_IMPLICIT_RETAIN_SELF = YES;
				CLANG_WARN_OBJC_LITERAL_CONVERSION = YES;
				CLANG_WARN_OBJC_ROOT_CLASS = YES_ERROR;
				CLANG_WARN_QUOTED_INCLUDE_IN_FRAMEWORK_HEADER = YES;
				CLANG_WARN_RANGE_LOOP_ANALYSIS = YES;
				CLANG_WARN_STRICT_PROTOTYPES = YES;
				CLANG_WARN_SUSPICIOUS_MOVE = YES;
				CLANG_WARN_UNGUARDED_AVAILABILITY = YES_AGGRESSIVE;
				CLANG_WARN_UNREACHABLE_CODE = YES;
				CLANG_WARN__DUPLICATE_METHOD_MATCH = YES;
				COPY_PHASE_STRIP = NO;
				DEBUG_INFORMATION_FORMAT = "dwarf-with-dsym";
				ENABLE_NS_ASSERTIONS = NO;
				ENABLE_STRICT_OBJC_MSGSEND = YES;
				GCC_C_LANGUAGE_STANDARD = gnu11;
				GCC_NO_COMMON_BLOCKS = YES;
				GCC_WARN_64_TO_32_BIT_CONVERSION = YES;
				GCC_WARN_ABOUT_RETURN_TYPE = YES_ERROR;
				GCC_WARN_UNDECLARED_SELECTOR = YES;
				GCC_WARN_UNINITIALIZED_AUTOS = YES_AGGRESSIVE;
				GCC_WARN_UNUSED_FUNCTION = YES;
				GCC_WARN_UNUSED_VARIABLE = YES;
				IPHONEOS_DEPLOYMENT_TARGET = 16.4;
				MTL_ENABLE_DEBUG_INFO = NO;
				MTL_FAST_MATH = YES;
				SDKROOT = iphoneos;
				SWIFT_COMPILATION_MODE = wholemodule;
				SWIFT_OPTIMIZATION_LEVEL = "-O";
				VALIDATE_PRODUCT = YES;
			};
			name = Release;
		};
		722B01CE2B69157F002568E0 /* Debug */ = {
			isa = XCBuildConfiguration;
			buildSettings = {
				ASSETCATALOG_COMPILER_APPICON_NAME = AppIcon;
				ASSETCATALOG_COMPILER_GLOBAL_ACCENT_COLOR_NAME = AccentColor;
				CODE_SIGN_STYLE = Automatic;
				CURRENT_PROJECT_VERSION = 1;
				DEVELOPMENT_ASSET_PATHS = "\"SparPage/Preview Content\"";
				DEVELOPMENT_TEAM = HULA8DY4P2;
				ENABLE_PREVIEWS = YES;
				GENERATE_INFOPLIST_FILE = YES;
				INFOPLIST_KEY_UIApplicationSceneManifest_Generation = YES;
				INFOPLIST_KEY_UIApplicationSupportsIndirectInputEvents = YES;
				INFOPLIST_KEY_UILaunchScreen_Generation = YES;
				INFOPLIST_KEY_UISupportedInterfaceOrientations = UIInterfaceOrientationPortrait;
				IPHONEOS_DEPLOYMENT_TARGET = 14.0;
				LD_RUNPATH_SEARCH_PATHS = (
					"$(inherited)",
					"@executable_path/Frameworks",
				);
				MARKETING_VERSION = 1.0;
				PRODUCT_BUNDLE_IDENTIFIER = com.yakun.SparPage;
				PRODUCT_NAME = "$(TARGET_NAME)";
				SWIFT_EMIT_LOC_STRINGS = YES;
				SWIFT_VERSION = 5.0;
				TARGETED_DEVICE_FAMILY = "1,2";
			};
			name = Debug;
		};
		722B01CF2B69157F002568E0 /* Release */ = {
			isa = XCBuildConfiguration;
			buildSettings = {
				ASSETCATALOG_COMPILER_APPICON_NAME = AppIcon;
				ASSETCATALOG_COMPILER_GLOBAL_ACCENT_COLOR_NAME = AccentColor;
				CODE_SIGN_STYLE = Automatic;
				CURRENT_PROJECT_VERSION = 1;
				DEVELOPMENT_ASSET_PATHS = "\"SparPage/Preview Content\"";
				DEVELOPMENT_TEAM = HULA8DY4P2;
				ENABLE_PREVIEWS = YES;
				GENERATE_INFOPLIST_FILE = YES;
				INFOPLIST_KEY_UIApplicationSceneManifest_Generation = YES;
				INFOPLIST_KEY_UIApplicationSupportsIndirectInputEvents = YES;
				INFOPLIST_KEY_UILaunchScreen_Generation = YES;
				INFOPLIST_KEY_UISupportedInterfaceOrientations = UIInterfaceOrientationPortrait;
				IPHONEOS_DEPLOYMENT_TARGET = 14.0;
				LD_RUNPATH_SEARCH_PATHS = (
					"$(inherited)",
					"@executable_path/Frameworks",
				);
				MARKETING_VERSION = 1.0;
				PRODUCT_BUNDLE_IDENTIFIER = com.yakun.SparPage;
				PRODUCT_NAME = "$(TARGET_NAME)";
				SWIFT_EMIT_LOC_STRINGS = YES;
				SWIFT_VERSION = 5.0;
				TARGETED_DEVICE_FAMILY = "1,2";
			};
			name = Release;
		};
/* End XCBuildConfiguration section */

/* Begin XCConfigurationList section */
		722B01BA2B69157D002568E0 /* Build configuration list for PBXProject "SparPage" */ = {
			isa = XCConfigurationList;
			buildConfigurations = (
				722B01CB2B69157F002568E0 /* Debug */,
				722B01CC2B69157F002568E0 /* Release */,
			);
			defaultConfigurationIsVisible = 0;
			defaultConfigurationName = Release;
		};
		722B01CD2B69157F002568E0 /* Build configuration list for PBXNativeTarget "SparPage" */ = {
			isa = XCConfigurationList;
			buildConfigurations = (
				722B01CE2B69157F002568E0 /* Debug */,
				722B01CF2B69157F002568E0 /* Release */,
			);
			defaultConfigurationIsVisible = 0;
			defaultConfigurationName = Release;
		};
/* End XCConfigurationList section */
	};
	rootObject = 722B01B72B69157D002568E0 /* Project object */;
}
